
Microsoft Visual Studio Solution File, Format Version 12.00
# Visual Studio Version 16
VisualStudioVersion = 16.0.31005.135
MinimumVisualStudioVersion = 15.0.26124.0
Project("{2150E333-8FDC-42A3-9474-1A3956D46DE8}") = "src", "src", "{A56E846A-C4B1-4F9E-BF94-23C991795EDD}"
EndProject
Project("{2150E333-8FDC-42A3-9474-1A3956D46DE8}") = "Identity", "Identity", "{5069BDF3-F466-447D-B054-53487575F370}"
EndProject
Project("{2150E333-8FDC-42A3-9474-1A3956D46DE8}") = "Order", "Order", "{0FD76782-AC95-42AA-91E4-7C2226A79FEA}"
EndProject
Project("{2150E333-8FDC-42A3-9474-1A3956D46DE8}") = "Product", "Product", "{03BBDC24-B817-4C85-8FA8-ACDDE2B592D6}"
EndProject
Project("{9A19103F-16F7-4668-BE54-9A1E7A4F7556}") = "OK.ReadingIsGood.Identity.API", "src\OK.ReadingIsGood.Identity.API\OK.ReadingIsGood.Identity.API.csproj", "{0C8128E3-5201-4C18-8460-BA3015039DA3}"
EndProject
Project("{9A19103F-16F7-4668-BE54-9A1E7A4F7556}") = "OK.ReadingIsGood.Identity.Business", "src\OK.ReadingIsGood.Identity.Business\OK.ReadingIsGood.Identity.Business.csproj", "{2D52E440-14B1-480C-9C5D-D2F1DAFECB38}"
EndProject
Project("{9A19103F-16F7-4668-BE54-9A1E7A4F7556}") = "OK.ReadingIsGood.Identity.Contracts", "src\OK.ReadingIsGood.Identity.Contracts\OK.ReadingIsGood.Identity.Contracts.csproj", "{205FDD54-F04D-449D-89E7-489F872E5F50}"
EndProject
Project("{9A19103F-16F7-4668-BE54-9A1E7A4F7556}") = "OK.ReadingIsGood.Identity.Persistence", "src\OK.ReadingIsGood.Identity.Persistence\OK.ReadingIsGood.Identity.Persistence.csproj", "{365C322C-E6DB-4F55-BB16-5CA27B94E360}"
EndProject
Project("{9A19103F-16F7-4668-BE54-9A1E7A4F7556}") = "OK.ReadingIsGood.Order.API", "src\OK.ReadingIsGood.Order.API\OK.ReadingIsGood.Order.API.csproj", "{8BAEFE64-D5B2-40D4-A8B6-54D20B72E2C7}"
EndProject
Project("{9A19103F-16F7-4668-BE54-9A1E7A4F7556}") = "OK.ReadingIsGood.Order.Business", "src\OK.ReadingIsGood.Order.Business\OK.ReadingIsGood.Order.Business.csproj", "{6E075580-9493-4730-ACF1-9939A0057D6D}"
EndProject
Project("{9A19103F-16F7-4668-BE54-9A1E7A4F7556}") = "OK.ReadingIsGood.Order.Contracts", "src\OK.ReadingIsGood.Order.Contracts\OK.ReadingIsGood.Order.Contracts.csproj", "{748E0D1E-DD65-4614-B3DA-B55097FE069D}"
EndProject
Project("{9A19103F-16F7-4668-BE54-9A1E7A4F7556}") = "OK.ReadingIsGood.Order.Persistence", "src\OK.ReadingIsGood.Order.Persistence\OK.ReadingIsGood.Order.Persistence.csproj", "{ED5F07DE-9B1C-47B0-94D1-898AD209501E}"
EndProject
Project("{9A19103F-16F7-4668-BE54-9A1E7A4F7556}") = "OK.ReadingIsGood.Product.API", "src\OK.ReadingIsGood.Product.API\OK.ReadingIsGood.Product.API.csproj", "{13EB2B80-EFBC-4CA5-892B-83D5E67DB2C4}"
EndProject
Project("{9A19103F-16F7-4668-BE54-9A1E7A4F7556}") = "OK.ReadingIsGood.Product.Business", "src\OK.ReadingIsGood.Product.Business\OK.ReadingIsGood.Product.Business.csproj", "{EA86D017-1944-4426-A3D0-760F653B67DF}"
EndProject
Project("{9A19103F-16F7-4668-BE54-9A1E7A4F7556}") = "OK.ReadingIsGood.Product.Contracts", "src\OK.ReadingIsGood.Product.Contracts\OK.ReadingIsGood.Product.Contracts.csproj", "{B22E2AC2-ACF0-448A-88E4-7691B337F77E}"
EndProject
Project("{9A19103F-16F7-4668-BE54-9A1E7A4F7556}") = "OK.ReadingIsGood.Product.Persistence", "src\OK.ReadingIsGood.Product.Persistence\OK.ReadingIsGood.Product.Persistence.csproj", "{482BC55E-2955-499E-97D5-B3BD77D282B1}"
EndProject
Project("{2150E333-8FDC-42A3-9474-1A3956D46DE8}") = "Shared", "Shared", "{92DE71A3-65E1-48C1-AA59-127145848C31}"
EndProject
Project("{9A19103F-16F7-4668-BE54-9A1E7A4F7556}") = "OK.ReadingIsGood.Shared.Core", "src\OK.ReadingIsGood.Shared.Core\OK.ReadingIsGood.Shared.Core.csproj", "{F9B9CD9F-3E0D-44A5-B26D-2C321B0FF3BE}"
EndProject
Project("{9A19103F-16F7-4668-BE54-9A1E7A4F7556}") = "OK.ReadingIsGood.Shared.MessageBus", "src\OK.ReadingIsGood.Shared.MessageBus\OK.ReadingIsGood.Shared.MessageBus.csproj", "{5C0831ED-F6F5-49C2-B512-9E26731DE4D8}"
EndProject
Project("{2150E333-8FDC-42A3-9474-1A3956D46DE8}") = "Host", "Host", "{0A76AA81-59D8-44AE-92EF-893FB124BE56}"
EndProject
Project("{9A19103F-16F7-4668-BE54-9A1E7A4F7556}") = "OK.ReadingIsGood.Host", "src\OK.ReadingIsGood.Host\OK.ReadingIsGood.Host.csproj", "{C1E2AB6E-B63B-43B3-BB15-7CA2F531C0E8}"
EndProject
Project("{9A19103F-16F7-4668-BE54-9A1E7A4F7556}") = "OK.ReadingIsGood.Shared.Persistence", "src\OK.ReadingIsGood.Shared.Persistence\OK.ReadingIsGood.Shared.Persistence.csproj", "{1674D765-FBE7-405C-832B-1E8ACC0D9198}"
EndProject
Project("{2150E333-8FDC-42A3-9474-1A3956D46DE8}") = "tests", "tests", "{18270C83-67EE-4E99-8EC2-1D31C34D668E}"
EndProject
Project("{2150E333-8FDC-42A3-9474-1A3956D46DE8}") = "Identity", "Identity", "{31EF22AD-6D5B-402E-ADBF-729FA9343E05}"
EndProject
Project("{2150E333-8FDC-42A3-9474-1A3956D46DE8}") = "Product", "Product", "{583EE087-AE53-43FD-A9BC-F05C684C47E2}"
EndProject
Project("{2150E333-8FDC-42A3-9474-1A3956D46DE8}") = "Order", "Order", "{77AF3D26-EBFD-43C9-AE35-5A52695C8E86}"
EndProject
Project("{FAE04EC0-301F-11D3-BF4B-00C04F79EFBC}") = "OK.ReadingIsGood.Identity.Business.Tests", "tests\OK.ReadingIsGood.Identity.Business.Tests\OK.ReadingIsGood.Identity.Business.Tests.csproj", "{2F166F7C-CEF5-43CA-9368-7C8F46ED1167}"
EndProject
Project("{FAE04EC0-301F-11D3-BF4B-00C04F79EFBC}") = "OK.ReadingIsGood.Order.Business.Tests", "tests\OK.ReadingIsGood.Order.Business.Tests\OK.ReadingIsGood.Order.Business.Tests.csproj", "{F8270390-83FE-40F6-A50B-E29FA768B176}"
EndProject
Project("{FAE04EC0-301F-11D3-BF4B-00C04F79EFBC}") = "OK.ReadingIsGood.Product.Business.Tests", "tests\OK.ReadingIsGood.Product.Business.Tests\OK.ReadingIsGood.Product.Business.Tests.csproj", "{E946BA27-9F8D-4EC6-BD29-17FDD505DEC6}"
EndProject
Global
	GlobalSection(SolutionConfigurationPlatforms) = preSolution
		Debug|Any CPU = Debug|Any CPU
		Debug|x64 = Debug|x64
		Debug|x86 = Debug|x86
		Release|Any CPU = Release|Any CPU
		Release|x64 = Release|x64
		Release|x86 = Release|x86
	EndGlobalSection
	GlobalSection(ProjectConfigurationPlatforms) = postSolution
		{0C8128E3-5201-4C18-8460-BA3015039DA3}.Debug|Any CPU.ActiveCfg = Debug|Any CPU
		{0C8128E3-5201-4C18-8460-BA3015039DA3}.Debug|Any CPU.Build.0 = Debug|Any CPU
		{0C8128E3-5201-4C18-8460-BA3015039DA3}.Debug|x64.ActiveCfg = Debug|Any CPU
		{0C8128E3-5201-4C18-8460-BA3015039DA3}.Debug|x64.Build.0 = Debug|Any CPU
		{0C8128E3-5201-4C18-8460-BA3015039DA3}.Debug|x86.ActiveCfg = Debug|Any CPU
		{0C8128E3-5201-4C18-8460-BA3015039DA3}.Debug|x86.Build.0 = Debug|Any CPU
		{0C8128E3-5201-4C18-8460-BA3015039DA3}.Release|Any CPU.ActiveCfg = Release|Any CPU
		{0C8128E3-5201-4C18-8460-BA3015039DA3}.Release|Any CPU.Build.0 = Release|Any CPU
		{0C8128E3-5201-4C18-8460-BA3015039DA3}.Release|x64.ActiveCfg = Release|Any CPU
		{0C8128E3-5201-4C18-8460-BA3015039DA3}.Release|x64.Build.0 = Release|Any CPU
		{0C8128E3-5201-4C18-8460-BA3015039DA3}.Release|x86.ActiveCfg = Release|Any CPU
		{0C8128E3-5201-4C18-8460-BA3015039DA3}.Release|x86.Build.0 = Release|Any CPU
		{2D52E440-14B1-480C-9C5D-D2F1DAFECB38}.Debug|Any CPU.ActiveCfg = Debug|Any CPU
		{2D52E440-14B1-480C-9C5D-D2F1DAFECB38}.Debug|Any CPU.Build.0 = Debug|Any CPU
		{2D52E440-14B1-480C-9C5D-D2F1DAFECB38}.Debug|x64.ActiveCfg = Debug|Any CPU
		{2D52E440-14B1-480C-9C5D-D2F1DAFECB38}.Debug|x64.Build.0 = Debug|Any CPU
		{2D52E440-14B1-480C-9C5D-D2F1DAFECB38}.Debug|x86.ActiveCfg = Debug|Any CPU
		{2D52E440-14B1-480C-9C5D-D2F1DAFECB38}.Debug|x86.Build.0 = Debug|Any CPU
		{2D52E440-14B1-480C-9C5D-D2F1DAFECB38}.Release|Any CPU.ActiveCfg = Release|Any CPU
		{2D52E440-14B1-480C-9C5D-D2F1DAFECB38}.Release|Any CPU.Build.0 = Release|Any CPU
		{2D52E440-14B1-480C-9C5D-D2F1DAFECB38}.Release|x64.ActiveCfg = Release|Any CPU
		{2D52E440-14B1-480C-9C5D-D2F1DAFECB38}.Release|x64.Build.0 = Release|Any CPU
		{2D52E440-14B1-480C-9C5D-D2F1DAFECB38}.Release|x86.ActiveCfg = Release|Any CPU
		{2D52E440-14B1-480C-9C5D-D2F1DAFECB38}.Release|x86.Build.0 = Release|Any CPU
		{205FDD54-F04D-449D-89E7-489F872E5F50}.Debug|Any CPU.ActiveCfg = Debug|Any CPU
		{205FDD54-F04D-449D-89E7-489F872E5F50}.Debug|Any CPU.Build.0 = Debug|Any CPU
		{205FDD54-F04D-449D-89E7-489F872E5F50}.Debug|x64.ActiveCfg = Debug|Any CPU
		{205FDD54-F04D-449D-89E7-489F872E5F50}.Debug|x64.Build.0 = Debug|Any CPU
		{205FDD54-F04D-449D-89E7-489F872E5F50}.Debug|x86.ActiveCfg = Debug|Any CPU
		{205FDD54-F04D-449D-89E7-489F872E5F50}.Debug|x86.Build.0 = Debug|Any CPU
		{205FDD54-F04D-449D-89E7-489F872E5F50}.Release|Any CPU.ActiveCfg = Release|Any CPU
		{205FDD54-F04D-449D-89E7-489F872E5F50}.Release|Any CPU.Build.0 = Release|Any CPU
		{205FDD54-F04D-449D-89E7-489F872E5F50}.Release|x64.ActiveCfg = Release|Any CPU
		{205FDD54-F04D-449D-89E7-489F872E5F50}.Release|x64.Build.0 = Release|Any CPU
		{205FDD54-F04D-449D-89E7-489F872E5F50}.Release|x86.ActiveCfg = Release|Any CPU
		{205FDD54-F04D-449D-89E7-489F872E5F50}.Release|x86.Build.0 = Release|Any CPU
		{365C322C-E6DB-4F55-BB16-5CA27B94E360}.Debug|Any CPU.ActiveCfg = Debug|Any CPU
		{365C322C-E6DB-4F55-BB16-5CA27B94E360}.Debug|Any CPU.Build.0 = Debug|Any CPU
		{365C322C-E6DB-4F55-BB16-5CA27B94E360}.Debug|x64.ActiveCfg = Debug|Any CPU
		{365C322C-E6DB-4F55-BB16-5CA27B94E360}.Debug|x64.Build.0 = Debug|Any CPU
		{365C322C-E6DB-4F55-BB16-5CA27B94E360}.Debug|x86.ActiveCfg = Debug|Any CPU
		{365C322C-E6DB-4F55-BB16-5CA27B94E360}.Debug|x86.Build.0 = Debug|Any CPU
		{365C322C-E6DB-4F55-BB16-5CA27B94E360}.Release|Any CPU.ActiveCfg = Release|Any CPU
		{365C322C-E6DB-4F55-BB16-5CA27B94E360}.Release|Any CPU.Build.0 = Release|Any CPU
		{365C322C-E6DB-4F55-BB16-5CA27B94E360}.Release|x64.ActiveCfg = Release|Any CPU
		{365C322C-E6DB-4F55-BB16-5CA27B94E360}.Release|x64.Build.0 = Release|Any CPU
		{365C322C-E6DB-4F55-BB16-5CA27B94E360}.Release|x86.ActiveCfg = Release|Any CPU
		{365C322C-E6DB-4F55-BB16-5CA27B94E360}.Release|x86.Build.0 = Release|Any CPU
		{8BAEFE64-D5B2-40D4-A8B6-54D20B72E2C7}.Debug|Any CPU.ActiveCfg = Debug|Any CPU
		{8BAEFE64-D5B2-40D4-A8B6-54D20B72E2C7}.Debug|Any CPU.Build.0 = Debug|Any CPU
		{8BAEFE64-D5B2-40D4-A8B6-54D20B72E2C7}.Debug|x64.ActiveCfg = Debug|Any CPU
		{8BAEFE64-D5B2-40D4-A8B6-54D20B72E2C7}.Debug|x64.Build.0 = Debug|Any CPU
		{8BAEFE64-D5B2-40D4-A8B6-54D20B72E2C7}.Debug|x86.ActiveCfg = Debug|Any CPU
		{8BAEFE64-D5B2-40D4-A8B6-54D20B72E2C7}.Debug|x86.Build.0 = Debug|Any CPU
		{8BAEFE64-D5B2-40D4-A8B6-54D20B72E2C7}.Release|Any CPU.ActiveCfg = Release|Any CPU
		{8BAEFE64-D5B2-40D4-A8B6-54D20B72E2C7}.Release|Any CPU.Build.0 = Release|Any CPU
		{8BAEFE64-D5B2-40D4-A8B6-54D20B72E2C7}.Release|x64.ActiveCfg = Release|Any CPU
		{8BAEFE64-D5B2-40D4-A8B6-54D20B72E2C7}.Release|x64.Build.0 = Release|Any CPU
		{8BAEFE64-D5B2-40D4-A8B6-54D20B72E2C7}.Release|x86.ActiveCfg = Release|Any CPU
		{8BAEFE64-D5B2-40D4-A8B6-54D20B72E2C7}.Release|x86.Build.0 = Release|Any CPU
		{6E075580-9493-4730-ACF1-9939A0057D6D}.Debug|Any CPU.ActiveCfg = Debug|Any CPU
		{6E075580-9493-4730-ACF1-9939A0057D6D}.Debug|Any CPU.Build.0 = Debug|Any CPU
		{6E075580-9493-4730-ACF1-9939A0057D6D}.Debug|x64.ActiveCfg = Debug|Any CPU
		{6E075580-9493-4730-ACF1-9939A0057D6D}.Debug|x64.Build.0 = Debug|Any CPU
		{6E075580-9493-4730-ACF1-9939A0057D6D}.Debug|x86.ActiveCfg = Debug|Any CPU
		{6E075580-9493-4730-ACF1-9939A0057D6D}.Debug|x86.Build.0 = Debug|Any CPU
		{6E075580-9493-4730-ACF1-9939A0057D6D}.Release|Any CPU.ActiveCfg = Release|Any CPU
		{6E075580-9493-4730-ACF1-9939A0057D6D}.Release|Any CPU.Build.0 = Release|Any CPU
		{6E075580-9493-4730-ACF1-9939A0057D6D}.Release|x64.ActiveCfg = Release|Any CPU
		{6E075580-9493-4730-ACF1-9939A0057D6D}.Release|x64.Build.0 = Release|Any CPU
		{6E075580-9493-4730-ACF1-9939A0057D6D}.Release|x86.ActiveCfg = Release|Any CPU
		{6E075580-9493-4730-ACF1-9939A0057D6D}.Release|x86.Build.0 = Release|Any CPU
		{748E0D1E-DD65-4614-B3DA-B55097FE069D}.Debug|Any CPU.ActiveCfg = Debug|Any CPU
		{748E0D1E-DD65-4614-B3DA-B55097FE069D}.Debug|Any CPU.Build.0 = Debug|Any CPU
		{748E0D1E-DD65-4614-B3DA-B55097FE069D}.Debug|x64.ActiveCfg = Debug|Any CPU
		{748E0D1E-DD65-4614-B3DA-B55097FE069D}.Debug|x64.Build.0 = Debug|Any CPU
		{748E0D1E-DD65-4614-B3DA-B55097FE069D}.Debug|x86.ActiveCfg = Debug|Any CPU
		{748E0D1E-DD65-4614-B3DA-B55097FE069D}.Debug|x86.Build.0 = Debug|Any CPU
		{748E0D1E-DD65-4614-B3DA-B55097FE069D}.Release|Any CPU.ActiveCfg = Release|Any CPU
		{748E0D1E-DD65-4614-B3DA-B55097FE069D}.Release|Any CPU.Build.0 = Release|Any CPU
		{748E0D1E-DD65-4614-B3DA-B55097FE069D}.Release|x64.ActiveCfg = Release|Any CPU
		{748E0D1E-DD65-4614-B3DA-B55097FE069D}.Release|x64.Build.0 = Release|Any CPU
		{748E0D1E-DD65-4614-B3DA-B55097FE069D}.Release|x86.ActiveCfg = Release|Any CPU
		{748E0D1E-DD65-4614-B3DA-B55097FE069D}.Release|x86.Build.0 = Release|Any CPU
		{ED5F07DE-9B1C-47B0-94D1-898AD209501E}.Debug|Any CPU.ActiveCfg = Debug|Any CPU
		{ED5F07DE-9B1C-47B0-94D1-898AD209501E}.Debug|Any CPU.Build.0 = Debug|Any CPU
		{ED5F07DE-9B1C-47B0-94D1-898AD209501E}.Debug|x64.ActiveCfg = Debug|Any CPU
		{ED5F07DE-9B1C-47B0-94D1-898AD209501E}.Debug|x64.Build.0 = Debug|Any CPU
		{ED5F07DE-9B1C-47B0-94D1-898AD209501E}.Debug|x86.ActiveCfg = Debug|Any CPU
		{ED5F07DE-9B1C-47B0-94D1-898AD209501E}.Debug|x86.Build.0 = Debug|Any CPU
		{ED5F07DE-9B1C-47B0-94D1-898AD209501E}.Release|Any CPU.ActiveCfg = Release|Any CPU
		{ED5F07DE-9B1C-47B0-94D1-898AD209501E}.Release|Any CPU.Build.0 = Release|Any CPU
		{ED5F07DE-9B1C-47B0-94D1-898AD209501E}.Release|x64.ActiveCfg = Release|Any CPU
		{ED5F07DE-9B1C-47B0-94D1-898AD209501E}.Release|x64.Build.0 = Release|Any CPU
		{ED5F07DE-9B1C-47B0-94D1-898AD209501E}.Release|x86.ActiveCfg = Release|Any CPU
		{ED5F07DE-9B1C-47B0-94D1-898AD209501E}.Release|x86.Build.0 = Release|Any CPU
		{13EB2B80-EFBC-4CA5-892B-83D5E67DB2C4}.Debug|Any CPU.ActiveCfg = Debug|Any CPU
		{13EB2B80-EFBC-4CA5-892B-83D5E67DB2C4}.Debug|Any CPU.Build.0 = Debug|Any CPU
		{13EB2B80-EFBC-4CA5-892B-83D5E67DB2C4}.Debug|x64.ActiveCfg = Debug|Any CPU
		{13EB2B80-EFBC-4CA5-892B-83D5E67DB2C4}.Debug|x64.Build.0 = Debug|Any CPU
		{13EB2B80-EFBC-4CA5-892B-83D5E67DB2C4}.Debug|x86.ActiveCfg = Debug|Any CPU
		{13EB2B80-EFBC-4CA5-892B-83D5E67DB2C4}.Debug|x86.Build.0 = Debug|Any CPU
		{13EB2B80-EFBC-4CA5-892B-83D5E67DB2C4}.Release|Any CPU.ActiveCfg = Release|Any CPU
		{13EB2B80-EFBC-4CA5-892B-83D5E67DB2C4}.Release|Any CPU.Build.0 = Release|Any CPU
		{13EB2B80-EFBC-4CA5-892B-83D5E67DB2C4}.Release|x64.ActiveCfg = Release|Any CPU
		{13EB2B80-EFBC-4CA5-892B-83D5E67DB2C4}.Release|x64.Build.0 = Release|Any CPU
		{13EB2B80-EFBC-4CA5-892B-83D5E67DB2C4}.Release|x86.ActiveCfg = Release|Any CPU
		{13EB2B80-EFBC-4CA5-892B-83D5E67DB2C4}.Release|x86.Build.0 = Release|Any CPU
		{EA86D017-1944-4426-A3D0-760F653B67DF}.Debug|Any CPU.ActiveCfg = Debug|Any CPU
		{EA86D017-1944-4426-A3D0-760F653B67DF}.Debug|Any CPU.Build.0 = Debug|Any CPU
		{EA86D017-1944-4426-A3D0-760F653B67DF}.Debug|x64.ActiveCfg = Debug|Any CPU
		{EA86D017-1944-4426-A3D0-760F653B67DF}.Debug|x64.Build.0 = Debug|Any CPU
		{EA86D017-1944-4426-A3D0-760F653B67DF}.Debug|x86.ActiveCfg = Debug|Any CPU
		{EA86D017-1944-4426-A3D0-760F653B67DF}.Debug|x86.Build.0 = Debug|Any CPU
		{EA86D017-1944-4426-A3D0-760F653B67DF}.Release|Any CPU.ActiveCfg = Release|Any CPU
		{EA86D017-1944-4426-A3D0-760F653B67DF}.Release|Any CPU.Build.0 = Release|Any CPU
		{EA86D017-1944-4426-A3D0-760F653B67DF}.Release|x64.ActiveCfg = Release|Any CPU
		{EA86D017-1944-4426-A3D0-760F653B67DF}.Release|x64.Build.0 = Release|Any CPU
		{EA86D017-1944-4426-A3D0-760F653B67DF}.Release|x86.ActiveCfg = Release|Any CPU
		{EA86D017-1944-4426-A3D0-760F653B67DF}.Release|x86.Build.0 = Release|Any CPU
		{B22E2AC2-ACF0-448A-88E4-7691B337F77E}.Debug|Any CPU.ActiveCfg = Debug|Any CPU
		{B22E2AC2-ACF0-448A-88E4-7691B337F77E}.Debug|Any CPU.Build.0 = Debug|Any CPU
		{B22E2AC2-ACF0-448A-88E4-7691B337F77E}.Debug|x64.ActiveCfg = Debug|Any CPU
		{B22E2AC2-ACF0-448A-88E4-7691B337F77E}.Debug|x64.Build.0 = Debug|Any CPU
		{B22E2AC2-ACF0-448A-88E4-7691B337F77E}.Debug|x86.ActiveCfg = Debug|Any CPU
		{B22E2AC2-ACF0-448A-88E4-7691B337F77E}.Debug|x86.Build.0 = Debug|Any CPU
		{B22E2AC2-ACF0-448A-88E4-7691B337F77E}.Release|Any CPU.ActiveCfg = Release|Any CPU
		{B22E2AC2-ACF0-448A-88E4-7691B337F77E}.Release|Any CPU.Build.0 = Release|Any CPU
		{B22E2AC2-ACF0-448A-88E4-7691B337F77E}.Release|x64.ActiveCfg = Release|Any CPU
		{B22E2AC2-ACF0-448A-88E4-7691B337F77E}.Release|x64.Build.0 = Release|Any CPU
		{B22E2AC2-ACF0-448A-88E4-7691B337F77E}.Release|x86.ActiveCfg = Release|Any CPU
		{B22E2AC2-ACF0-448A-88E4-7691B337F77E}.Release|x86.Build.0 = Release|Any CPU
		{482BC55E-2955-499E-97D5-B3BD77D282B1}.Debug|Any CPU.ActiveCfg = Debug|Any CPU
		{482BC55E-2955-499E-97D5-B3BD77D282B1}.Debug|Any CPU.Build.0 = Debug|Any CPU
		{482BC55E-2955-499E-97D5-B3BD77D282B1}.Debug|x64.ActiveCfg = Debug|Any CPU
		{482BC55E-2955-499E-97D5-B3BD77D282B1}.Debug|x64.Build.0 = Debug|Any CPU
		{482BC55E-2955-499E-97D5-B3BD77D282B1}.Debug|x86.ActiveCfg = Debug|Any CPU
		{482BC55E-2955-499E-97D5-B3BD77D282B1}.Debug|x86.Build.0 = Debug|Any CPU
		{482BC55E-2955-499E-97D5-B3BD77D282B1}.Release|Any CPU.ActiveCfg = Release|Any CPU
		{482BC55E-2955-499E-97D5-B3BD77D282B1}.Release|Any CPU.Build.0 = Release|Any CPU
		{482BC55E-2955-499E-97D5-B3BD77D282B1}.Release|x64.ActiveCfg = Release|Any CPU
		{482BC55E-2955-499E-97D5-B3BD77D282B1}.Release|x64.Build.0 = Release|Any CPU
		{482BC55E-2955-499E-97D5-B3BD77D282B1}.Release|x86.ActiveCfg = Release|Any CPU
		{482BC55E-2955-499E-97D5-B3BD77D282B1}.Release|x86.Build.0 = Release|Any CPU
		{F9B9CD9F-3E0D-44A5-B26D-2C321B0FF3BE}.Debug|Any CPU.ActiveCfg = Debug|Any CPU
		{F9B9CD9F-3E0D-44A5-B26D-2C321B0FF3BE}.Debug|Any CPU.Build.0 = Debug|Any CPU
		{F9B9CD9F-3E0D-44A5-B26D-2C321B0FF3BE}.Debug|x64.ActiveCfg = Debug|Any CPU
		{F9B9CD9F-3E0D-44A5-B26D-2C321B0FF3BE}.Debug|x64.Build.0 = Debug|Any CPU
		{F9B9CD9F-3E0D-44A5-B26D-2C321B0FF3BE}.Debug|x86.ActiveCfg = Debug|Any CPU
		{F9B9CD9F-3E0D-44A5-B26D-2C321B0FF3BE}.Debug|x86.Build.0 = Debug|Any CPU
		{F9B9CD9F-3E0D-44A5-B26D-2C321B0FF3BE}.Release|Any CPU.ActiveCfg = Release|Any CPU
		{F9B9CD9F-3E0D-44A5-B26D-2C321B0FF3BE}.Release|Any CPU.Build.0 = Release|Any CPU
		{F9B9CD9F-3E0D-44A5-B26D-2C321B0FF3BE}.Release|x64.ActiveCfg = Release|Any CPU
		{F9B9CD9F-3E0D-44A5-B26D-2C321B0FF3BE}.Release|x64.Build.0 = Release|Any CPU
		{F9B9CD9F-3E0D-44A5-B26D-2C321B0FF3BE}.Release|x86.ActiveCfg = Release|Any CPU
		{F9B9CD9F-3E0D-44A5-B26D-2C321B0FF3BE}.Release|x86.Build.0 = Release|Any CPU
		{5C0831ED-F6F5-49C2-B512-9E26731DE4D8}.Debug|Any CPU.ActiveCfg = Debug|Any CPU
		{5C0831ED-F6F5-49C2-B512-9E26731DE4D8}.Debug|Any CPU.Build.0 = Debug|Any CPU
		{5C0831ED-F6F5-49C2-B512-9E26731DE4D8}.Debug|x64.ActiveCfg = Debug|Any CPU
		{5C0831ED-F6F5-49C2-B512-9E26731DE4D8}.Debug|x64.Build.0 = Debug|Any CPU
		{5C0831ED-F6F5-49C2-B512-9E26731DE4D8}.Debug|x86.ActiveCfg = Debug|Any CPU
		{5C0831ED-F6F5-49C2-B512-9E26731DE4D8}.Debug|x86.Build.0 = Debug|Any CPU
		{5C0831ED-F6F5-49C2-B512-9E26731DE4D8}.Release|Any CPU.ActiveCfg = Release|Any CPU
		{5C0831ED-F6F5-49C2-B512-9E26731DE4D8}.Release|Any CPU.Build.0 = Release|Any CPU
		{5C0831ED-F6F5-49C2-B512-9E26731DE4D8}.Release|x64.ActiveCfg = Release|Any CPU
		{5C0831ED-F6F5-49C2-B512-9E26731DE4D8}.Release|x64.Build.0 = Release|Any CPU
		{5C0831ED-F6F5-49C2-B512-9E26731DE4D8}.Release|x86.ActiveCfg = Release|Any CPU
		{5C0831ED-F6F5-49C2-B512-9E26731DE4D8}.Release|x86.Build.0 = Release|Any CPU
		{C1E2AB6E-B63B-43B3-BB15-7CA2F531C0E8}.Debug|Any CPU.ActiveCfg = Debug|Any CPU
		{C1E2AB6E-B63B-43B3-BB15-7CA2F531C0E8}.Debug|Any CPU.Build.0 = Debug|Any CPU
		{C1E2AB6E-B63B-43B3-BB15-7CA2F531C0E8}.Debug|x64.ActiveCfg = Debug|Any CPU
		{C1E2AB6E-B63B-43B3-BB15-7CA2F531C0E8}.Debug|x64.Build.0 = Debug|Any CPU
		{C1E2AB6E-B63B-43B3-BB15-7CA2F531C0E8}.Debug|x86.ActiveCfg = Debug|Any CPU
		{C1E2AB6E-B63B-43B3-BB15-7CA2F531C0E8}.Debug|x86.Build.0 = Debug|Any CPU
		{C1E2AB6E-B63B-43B3-BB15-7CA2F531C0E8}.Release|Any CPU.ActiveCfg = Release|Any CPU
		{C1E2AB6E-B63B-43B3-BB15-7CA2F531C0E8}.Release|Any CPU.Build.0 = Release|Any CPU
		{C1E2AB6E-B63B-43B3-BB15-7CA2F531C0E8}.Release|x64.ActiveCfg = Release|Any CPU
		{C1E2AB6E-B63B-43B3-BB15-7CA2F531C0E8}.Release|x64.Build.0 = Release|Any CPU
		{C1E2AB6E-B63B-43B3-BB15-7CA2F531C0E8}.Release|x86.ActiveCfg = Release|Any CPU
		{C1E2AB6E-B63B-43B3-BB15-7CA2F531C0E8}.Release|x86.Build.0 = Release|Any CPU
		{1674D765-FBE7-405C-832B-1E8ACC0D9198}.Debug|Any CPU.ActiveCfg = Debug|Any CPU
		{1674D765-FBE7-405C-832B-1E8ACC0D9198}.Debug|Any CPU.Build.0 = Debug|Any CPU
		{1674D765-FBE7-405C-832B-1E8ACC0D9198}.Debug|x64.ActiveCfg = Debug|Any CPU
		{1674D765-FBE7-405C-832B-1E8ACC0D9198}.Debug|x64.Build.0 = Debug|Any CPU
		{1674D765-FBE7-405C-832B-1E8ACC0D9198}.Debug|x86.ActiveCfg = Debug|Any CPU
		{1674D765-FBE7-405C-832B-1E8ACC0D9198}.Debug|x86.Build.0 = Debug|Any CPU
		{1674D765-FBE7-405C-832B-1E8ACC0D9198}.Release|Any CPU.ActiveCfg = Release|Any CPU
		{1674D765-FBE7-405C-832B-1E8ACC0D9198}.Release|Any CPU.Build.0 = Release|Any CPU
		{1674D765-FBE7-405C-832B-1E8ACC0D9198}.Release|x64.ActiveCfg = Release|Any CPU
		{1674D765-FBE7-405C-832B-1E8ACC0D9198}.Release|x64.Build.0 = Release|Any CPU
		{1674D765-FBE7-405C-832B-1E8ACC0D9198}.Release|x86.ActiveCfg = Release|Any CPU
		{1674D765-FBE7-405C-832B-1E8ACC0D9198}.Release|x86.Build.0 = Release|Any CPU
		{2F166F7C-CEF5-43CA-9368-7C8F46ED1167}.Debug|Any CPU.ActiveCfg = Debug|Any CPU
		{2F166F7C-CEF5-43CA-9368-7C8F46ED1167}.Debug|Any CPU.Build.0 = Debug|Any CPU
		{2F166F7C-CEF5-43CA-9368-7C8F46ED1167}.Debug|x64.ActiveCfg = Debug|Any CPU
		{2F166F7C-CEF5-43CA-9368-7C8F46ED1167}.Debug|x64.Build.0 = Debug|Any CPU
		{2F166F7C-CEF5-43CA-9368-7C8F46ED1167}.Debug|x86.ActiveCfg = Debug|Any CPU
		{2F166F7C-CEF5-43CA-9368-7C8F46ED1167}.Debug|x86.Build.0 = Debug|Any CPU
		{2F166F7C-CEF5-43CA-9368-7C8F46ED1167}.Release|Any CPU.ActiveCfg = Release|Any CPU
		{2F166F7C-CEF5-43CA-9368-7C8F46ED1167}.Release|Any CPU.Build.0 = Release|Any CPU
		{2F166F7C-CEF5-43CA-9368-7C8F46ED1167}.Release|x64.ActiveCfg = Release|Any CPU
		{2F166F7C-CEF5-43CA-9368-7C8F46ED1167}.Release|x64.Build.0 = Release|Any CPU
		{2F166F7C-CEF5-43CA-9368-7C8F46ED1167}.Release|x86.ActiveCfg = Release|Any CPU
		{2F166F7C-CEF5-43CA-9368-7C8F46ED1167}.Release|x86.Build.0 = Release|Any CPU
		{F8270390-83FE-40F6-A50B-E29FA768B176}.Debug|Any CPU.ActiveCfg = Debug|Any CPU
		{F8270390-83FE-40F6-A50B-E29FA768B176}.Debug|Any CPU.Build.0 = Debug|Any CPU
		{F8270390-83FE-40F6-A50B-E29FA768B176}.Debug|x64.ActiveCfg = Debug|Any CPU
		{F8270390-83FE-40F6-A50B-E29FA768B176}.Debug|x64.Build.0 = Debug|Any CPU
		{F8270390-83FE-40F6-A50B-E29FA768B176}.Debug|x86.ActiveCfg = Debug|Any CPU
		{F8270390-83FE-40F6-A50B-E29FA768B176}.Debug|x86.Build.0 = Debug|Any CPU
		{F8270390-83FE-40F6-A50B-E29FA768B176}.Release|Any CPU.ActiveCfg = Release|Any CPU
		{F8270390-83FE-40F6-A50B-E29FA768B176}.Release|Any CPU.Build.0 = Release|Any CPU
		{F8270390-83FE-40F6-A50B-E29FA768B176}.Release|x64.ActiveCfg = Release|Any CPU
		{F8270390-83FE-40F6-A50B-E29FA768B176}.Release|x64.Build.0 = Release|Any CPU
		{F8270390-83FE-40F6-A50B-E29FA768B176}.Release|x86.ActiveCfg = Release|Any CPU
		{F8270390-83FE-40F6-A50B-E29FA768B176}.Release|x86.Build.0 = Release|Any CPU
		{E946BA27-9F8D-4EC6-BD29-17FDD505DEC6}.Debug|Any CPU.ActiveCfg = Debug|Any CPU
		{E946BA27-9F8D-4EC6-BD29-17FDD505DEC6}.Debug|Any CPU.Build.0 = Debug|Any CPU
		{E946BA27-9F8D-4EC6-BD29-17FDD505DEC6}.Debug|x64.ActiveCfg = Debug|Any CPU
		{E946BA27-9F8D-4EC6-BD29-17FDD505DEC6}.Debug|x64.Build.0 = Debug|Any CPU
		{E946BA27-9F8D-4EC6-BD29-17FDD505DEC6}.Debug|x86.ActiveCfg = Debug|Any CPU
		{E946BA27-9F8D-4EC6-BD29-17FDD505DEC6}.Debug|x86.Build.0 = Debug|Any CPU
		{E946BA27-9F8D-4EC6-BD29-17FDD505DEC6}.Release|Any CPU.ActiveCfg = Release|Any CPU
		{E946BA27-9F8D-4EC6-BD29-17FDD505DEC6}.Release|Any CPU.Build.0 = Release|Any CPU
		{E946BA27-9F8D-4EC6-BD29-17FDD505DEC6}.Release|x64.ActiveCfg = Release|Any CPU
		{E946BA27-9F8D-4EC6-BD29-17FDD505DEC6}.Release|x64.Build.0 = Release|Any CPU
		{E946BA27-9F8D-4EC6-BD29-17FDD505DEC6}.Release|x86.ActiveCfg = Release|Any CPU
		{E946BA27-9F8D-4EC6-BD29-17FDD505DEC6}.Release|x86.Build.0 = Release|Any CPU
	EndGlobalSection
	GlobalSection(SolutionProperties) = preSolution
		HideSolutionNode = FALSE
	EndGlobalSection
	GlobalSection(NestedProjects) = preSolution
		{5069BDF3-F466-447D-B054-53487575F370} = {A56E846A-C4B1-4F9E-BF94-23C991795EDD}
		{0FD76782-AC95-42AA-91E4-7C2226A79FEA} = {A56E846A-C4B1-4F9E-BF94-23C991795EDD}
		{03BBDC24-B817-4C85-8FA8-ACDDE2B592D6} = {A56E846A-C4B1-4F9E-BF94-23C991795EDD}
		{0C8128E3-5201-4C18-8460-BA3015039DA3} = {5069BDF3-F466-447D-B054-53487575F370}
		{2D52E440-14B1-480C-9C5D-D2F1DAFECB38} = {5069BDF3-F466-447D-B054-53487575F370}
		{205FDD54-F04D-449D-89E7-489F872E5F50} = {5069BDF3-F466-447D-B054-53487575F370}
		{365C322C-E6DB-4F55-BB16-5CA27B94E360} = {5069BDF3-F466-447D-B054-53487575F370}
		{8BAEFE64-D5B2-40D4-A8B6-54D20B72E2C7} = {0FD76782-AC95-42AA-91E4-7C2226A79FEA}
		{6E075580-9493-4730-ACF1-9939A0057D6D} = {0FD76782-AC95-42AA-91E4-7C2226A79FEA}
		{748E0D1E-DD65-4614-B3DA-B55097FE069D} = {0FD76782-AC95-42AA-91E4-7C2226A79FEA}
		{ED5F07DE-9B1C-47B0-94D1-898AD209501E} = {0FD76782-AC95-42AA-91E4-7C2226A79FEA}
		{13EB2B80-EFBC-4CA5-892B-83D5E67DB2C4} = {03BBDC24-B817-4C85-8FA8-ACDDE2B592D6}
		{EA86D017-1944-4426-A3D0-760F653B67DF} = {03BBDC24-B817-4C85-8FA8-ACDDE2B592D6}
		{B22E2AC2-ACF0-448A-88E4-7691B337F77E} = {03BBDC24-B817-4C85-8FA8-ACDDE2B592D6}
		{482BC55E-2955-499E-97D5-B3BD77D282B1} = {03BBDC24-B817-4C85-8FA8-ACDDE2B592D6}
		{92DE71A3-65E1-48C1-AA59-127145848C31} = {A56E846A-C4B1-4F9E-BF94-23C991795EDD}
		{F9B9CD9F-3E0D-44A5-B26D-2C321B0FF3BE} = {92DE71A3-65E1-48C1-AA59-127145848C31}
		{5C0831ED-F6F5-49C2-B512-9E26731DE4D8} = {92DE71A3-65E1-48C1-AA59-127145848C31}
		{0A76AA81-59D8-44AE-92EF-893FB124BE56} = {A56E846A-C4B1-4F9E-BF94-23C991795EDD}
		{C1E2AB6E-B63B-43B3-BB15-7CA2F531C0E8} = {0A76AA81-59D8-44AE-92EF-893FB124BE56}
		{1674D765-FBE7-405C-832B-1E8ACC0D9198} = {92DE71A3-65E1-48C1-AA59-127145848C31}
		{31EF22AD-6D5B-402E-ADBF-729FA9343E05} = {18270C83-67EE-4E99-8EC2-1D31C34D668E}
		{583EE087-AE53-43FD-A9BC-F05C684C47E2} = {18270C83-67EE-4E99-8EC2-1D31C34D668E}
		{77AF3D26-EBFD-43C9-AE35-5A52695C8E86} = {18270C83-67EE-4E99-8EC2-1D31C34D668E}
		{2F166F7C-CEF5-43CA-9368-7C8F46ED1167} = {31EF22AD-6D5B-402E-ADBF-729FA9343E05}
		{F8270390-83FE-40F6-A50B-E29FA768B176} = {77AF3D26-EBFD-43C9-AE35-5A52695C8E86}
		{E946BA27-9F8D-4EC6-BD29-17FDD505DEC6} = {583EE087-AE53-43FD-A9BC-F05C684C47E2}
	EndGlobalSection
	GlobalSection(ExtensibilityGlobals) = postSolution
		SolutionGuid = {C405E003-86BC-49C9-9D2C-CA3628A53FDE}
	EndGlobalSection
EndGlobal
